
Microsoft Visual Studio Solution File, Format Version 12.00
# Visual Studio 15
VisualStudioVersion = 15.0.27428.2027
MinimumVisualStudioVersion = 10.0.40219.1
Project("{FAE04EC0-301F-11D3-BF4B-00C04F79EFBC}") = "WinRemoteDesktop", "WinRemoteDesktop\WinRemoteDesktop.csproj", "{B1F3FBAA-4A1D-4D07-B088-92137DE1C318}"
EndProject
Global
	GlobalSection(SolutionConfigurationPlatforms) = preSolution
		Debug|Any CPU = Debug|Any CPU
		Release|Any CPU = Release|Any CPU
	EndGlobalSection
	GlobalSection(ProjectConfigurationPlatforms) = postSolution
		{B1F3FBAA-4A1D-4D07-B088-92137DE1C318}.Debug|Any CPU.ActiveCfg = Debug|Any CPU
		{B1F3FBAA-4A1D-4D07-B088-92137DE1C318}.Debug|Any CPU.Build.0 = Debug|Any CPU
		{B1F3FBAA-4A1D-4D07-B088-92137DE1C318}.Release|Any CPU.ActiveCfg = Release|Any CPU
		{B1F3FBAA-4A1D-4D07-B088-92137DE1C318}.Release|Any CPU.Build.0 = Release|Any CPU
	EndGlobalSection
	GlobalSection(SolutionProperties) = preSolution
		HideSolutionNode = FALSE
	EndGlobalSection
	GlobalSection(ExtensibilityGlobals) = postSolution
		SolutionGuid = {A71F4E74-3DD7-4F07-9E60-F785168A53BB}
	EndGlobalSection
EndGlobal
